
Microsoft Visual Studio Solution File, Format Version 12.00
# Visual Studio 15
VisualStudioVersion = 15.0.27703.2018
MinimumVisualStudioVersion = 10.0.40219.1
Project("{FAE04EC0-301F-11D3-BF4B-00C04F79EFBC}") = "SingletonPattern", "SingletonPattern\SingletonPattern.csproj", "{44BF6553-A318-4E71-B765-316AA5FE094E}"
EndProject
Project("{FAE04EC0-301F-11D3-BF4B-00C04F79EFBC}") = "LoggingExample", "LoggingExample\LoggingExample.csproj", "{917CE9EB-C00D-4D98-B1DD-05B5932E68CC}"
EndProject
Project("{FAE04EC0-301F-11D3-BF4B-00C04F79EFBC}") = "FactoryMethodPattern", "FactoryMethodPattern\FactoryMethodPattern.csproj", "{303B59A6-BA63-4342-ABE5-1B9A4752CDBC}"
EndProject
Project("{FAE04EC0-301F-11D3-BF4B-00C04F79EFBC}") = "ToyFactoryExample", "ToyFactoryExample\ToyFactoryExample.csproj", "{1AC752BB-3BA8-4D6F-A1EA-A5AE1196022B}"
EndProject
Project("{FAE04EC0-301F-11D3-BF4B-00C04F79EFBC}") = "AbstractFactoryPattern", "AbstractFactoryPattern\AbstractFactoryPattern.csproj", "{98512491-EB10-443E-942A-35C85CECC457}"
EndProject
Project("{FAE04EC0-301F-11D3-BF4B-00C04F79EFBC}") = "FoodchainExample", "FoodchainExample\FoodchainExample.csproj", "{2D327578-F43F-426B-B190-1E5DC53A8EBE}"
EndProject
Project("{FAE04EC0-301F-11D3-BF4B-00C04F79EFBC}") = "BuilderPattern", "BuilderPattern\BuilderPattern.csproj", "{A2983280-2AC3-4885-A42B-41FBF6D065FE}"
EndProject
Project("{FAE04EC0-301F-11D3-BF4B-00C04F79EFBC}") = "FastfoodExample", "FastfoodExample\FastfoodExample.csproj", "{E462286E-94AD-4849-B5C1-41CDD4957DB6}"
EndProject
Project("{FAE04EC0-301F-11D3-BF4B-00C04F79EFBC}") = "PrototypePattern", "PrototypePattern\PrototypePattern.csproj", "{0E29251E-B060-4049-B3EA-880AE903C4A4}"
EndProject
Project("{FAE04EC0-301F-11D3-BF4B-00C04F79EFBC}") = "CourseImageExample", "CourseImageExample\CourseImageExample.csproj", "{24C8379A-E9B5-47C5-8E52-7ADF869B0C9D}"
EndProject
Project("{FAE04EC0-301F-11D3-BF4B-00C04F79EFBC}") = "AdapterPattern", "AdapterPattern\AdapterPattern.csproj", "{1B85FACE-69C7-4165-ABF2-F219CB1B3888}"
EndProject
Project("{FAE04EC0-301F-11D3-BF4B-00C04F79EFBC}") = "BridgePattern", "BridgePattern\BridgePattern.csproj", "{506BF2D3-E031-4CDB-90A0-D0F3779E99CA}"
EndProject
Project("{FAE04EC0-301F-11D3-BF4B-00C04F79EFBC}") = "StockHistoryExample", "StockHistoryExample\StockHistoryExample.csproj", "{006396F7-D1FB-4692-9051-BFE60D7E12E1}"
EndProject
Project("{FAE04EC0-301F-11D3-BF4B-00C04F79EFBC}") = "ChartingLibraryExample", "ChartingLibraryExample\ChartingLibraryExample.csproj", "{46C9C0E2-5E6A-4CA0-B174-84CF77A511DD}"
EndProject
Project("{2150E333-8FDC-42A3-9474-1A3956D46DE8}") = "Decorator", "Decorator", "{7A89187D-4B1C-4606-85B4-512F5C86EB67}"
EndProject
Project("{FAE04EC0-301F-11D3-BF4B-00C04F79EFBC}") = "DecoratorPattern", "DecoratorPattern\DecoratorPattern.csproj", "{160A6FC3-ECDE-4B48-907E-564FC4904BFA}"
EndProject
Project("{FAE04EC0-301F-11D3-BF4B-00C04F79EFBC}") = "PizzaRestaurantExample", "PizzaRestaurantExample\PizzaRestaurantExample.csproj", "{E94C69CB-D7F5-4274-B0F5-340A91E76430}"
EndProject
Project("{2150E333-8FDC-42A3-9474-1A3956D46DE8}") = "Composite", "Composite", "{A33B4B80-166B-4D4B-9DE1-3E0FB1371218}"
EndProject
Project("{FAE04EC0-301F-11D3-BF4B-00C04F79EFBC}") = "CompositePattern", "CompositePattern\CompositePattern.csproj", "{E6001318-1D3A-4B58-A8F9-1C433BFD7960}"
EndProject
Project("{FAE04EC0-301F-11D3-BF4B-00C04F79EFBC}") = "HtmlRenderExample", "HtmlRenderExample\HtmlRenderExample.csproj", "{CA4C2E97-F565-4FC8-B7AD-FD63AEB4A8CC}"
EndProject
Project("{2150E333-8FDC-42A3-9474-1A3956D46DE8}") = "Facade", "Facade", "{D63F88D1-A466-4B6E-8948-A95F5E12CD69}"
EndProject
Project("{FAE04EC0-301F-11D3-BF4B-00C04F79EFBC}") = "FacadePattern", "FacadePattern\FacadePattern.csproj", "{EDCBFBC4-E2E0-4980-8F1D-CA0206AD6E92}"
EndProject
Project("{FAE04EC0-301F-11D3-BF4B-00C04F79EFBC}") = "MutualFundExample", "MutualFundExample\MutualFundExample.csproj", "{FB60A65B-15CF-4FF5-8F94-0B90B2F20D0C}"
EndProject
Global
	GlobalSection(SolutionConfigurationPlatforms) = preSolution
		Debug|x86 = Debug|x86
		Release|x86 = Release|x86
	EndGlobalSection
	GlobalSection(ProjectConfigurationPlatforms) = postSolution
		{44BF6553-A318-4E71-B765-316AA5FE094E}.Debug|x86.ActiveCfg = Debug|x86
		{44BF6553-A318-4E71-B765-316AA5FE094E}.Debug|x86.Build.0 = Debug|x86
		{44BF6553-A318-4E71-B765-316AA5FE094E}.Release|x86.ActiveCfg = Release|x86
		{44BF6553-A318-4E71-B765-316AA5FE094E}.Release|x86.Build.0 = Release|x86
		{917CE9EB-C00D-4D98-B1DD-05B5932E68CC}.Debug|x86.ActiveCfg = Debug|x86
		{917CE9EB-C00D-4D98-B1DD-05B5932E68CC}.Debug|x86.Build.0 = Debug|x86
		{917CE9EB-C00D-4D98-B1DD-05B5932E68CC}.Release|x86.ActiveCfg = Release|x86
		{917CE9EB-C00D-4D98-B1DD-05B5932E68CC}.Release|x86.Build.0 = Release|x86
		{303B59A6-BA63-4342-ABE5-1B9A4752CDBC}.Debug|x86.ActiveCfg = Debug|x86
		{303B59A6-BA63-4342-ABE5-1B9A4752CDBC}.Debug|x86.Build.0 = Debug|x86
		{303B59A6-BA63-4342-ABE5-1B9A4752CDBC}.Release|x86.ActiveCfg = Release|x86
		{303B59A6-BA63-4342-ABE5-1B9A4752CDBC}.Release|x86.Build.0 = Release|x86
		{1AC752BB-3BA8-4D6F-A1EA-A5AE1196022B}.Debug|x86.ActiveCfg = Debug|x86
		{1AC752BB-3BA8-4D6F-A1EA-A5AE1196022B}.Debug|x86.Build.0 = Debug|x86
		{1AC752BB-3BA8-4D6F-A1EA-A5AE1196022B}.Release|x86.ActiveCfg = Release|x86
		{1AC752BB-3BA8-4D6F-A1EA-A5AE1196022B}.Release|x86.Build.0 = Release|x86
		{98512491-EB10-443E-942A-35C85CECC457}.Debug|x86.ActiveCfg = Debug|x86
		{98512491-EB10-443E-942A-35C85CECC457}.Debug|x86.Build.0 = Debug|x86
		{98512491-EB10-443E-942A-35C85CECC457}.Release|x86.ActiveCfg = Release|x86
		{98512491-EB10-443E-942A-35C85CECC457}.Release|x86.Build.0 = Release|x86
		{2D327578-F43F-426B-B190-1E5DC53A8EBE}.Debug|x86.ActiveCfg = Debug|x86
		{2D327578-F43F-426B-B190-1E5DC53A8EBE}.Debug|x86.Build.0 = Debug|x86
		{2D327578-F43F-426B-B190-1E5DC53A8EBE}.Release|x86.ActiveCfg = Release|x86
		{2D327578-F43F-426B-B190-1E5DC53A8EBE}.Release|x86.Build.0 = Release|x86
		{A2983280-2AC3-4885-A42B-41FBF6D065FE}.Debug|x86.ActiveCfg = Debug|x86
		{A2983280-2AC3-4885-A42B-41FBF6D065FE}.Debug|x86.Build.0 = Debug|x86
		{A2983280-2AC3-4885-A42B-41FBF6D065FE}.Release|x86.ActiveCfg = Release|x86
		{A2983280-2AC3-4885-A42B-41FBF6D065FE}.Release|x86.Build.0 = Release|x86
		{E462286E-94AD-4849-B5C1-41CDD4957DB6}.Debug|x86.ActiveCfg = Debug|x86
		{E462286E-94AD-4849-B5C1-41CDD4957DB6}.Debug|x86.Build.0 = Debug|x86
		{E462286E-94AD-4849-B5C1-41CDD4957DB6}.Release|x86.ActiveCfg = Release|x86
		{E462286E-94AD-4849-B5C1-41CDD4957DB6}.Release|x86.Build.0 = Release|x86
		{0E29251E-B060-4049-B3EA-880AE903C4A4}.Debug|x86.ActiveCfg = Debug|x86
		{0E29251E-B060-4049-B3EA-880AE903C4A4}.Debug|x86.Build.0 = Debug|x86
		{0E29251E-B060-4049-B3EA-880AE903C4A4}.Release|x86.ActiveCfg = Release|x86
		{0E29251E-B060-4049-B3EA-880AE903C4A4}.Release|x86.Build.0 = Release|x86
		{24C8379A-E9B5-47C5-8E52-7ADF869B0C9D}.Debug|x86.ActiveCfg = Debug|x86
		{24C8379A-E9B5-47C5-8E52-7ADF869B0C9D}.Debug|x86.Build.0 = Debug|x86
		{24C8379A-E9B5-47C5-8E52-7ADF869B0C9D}.Release|x86.ActiveCfg = Release|x86
		{24C8379A-E9B5-47C5-8E52-7ADF869B0C9D}.Release|x86.Build.0 = Release|x86
		{1B85FACE-69C7-4165-ABF2-F219CB1B3888}.Debug|x86.ActiveCfg = Debug|x86
		{1B85FACE-69C7-4165-ABF2-F219CB1B3888}.Debug|x86.Build.0 = Debug|x86
		{1B85FACE-69C7-4165-ABF2-F219CB1B3888}.Release|x86.ActiveCfg = Release|x86
		{1B85FACE-69C7-4165-ABF2-F219CB1B3888}.Release|x86.Build.0 = Release|x86
		{506BF2D3-E031-4CDB-90A0-D0F3779E99CA}.Debug|x86.ActiveCfg = Debug|x86
		{506BF2D3-E031-4CDB-90A0-D0F3779E99CA}.Debug|x86.Build.0 = Debug|x86
		{506BF2D3-E031-4CDB-90A0-D0F3779E99CA}.Release|x86.ActiveCfg = Release|x86
		{506BF2D3-E031-4CDB-90A0-D0F3779E99CA}.Release|x86.Build.0 = Release|x86
		{006396F7-D1FB-4692-9051-BFE60D7E12E1}.Debug|x86.ActiveCfg = Debug|x86
		{006396F7-D1FB-4692-9051-BFE60D7E12E1}.Debug|x86.Build.0 = Debug|x86
		{006396F7-D1FB-4692-9051-BFE60D7E12E1}.Release|x86.ActiveCfg = Release|x86
		{006396F7-D1FB-4692-9051-BFE60D7E12E1}.Release|x86.Build.0 = Release|x86
		{46C9C0E2-5E6A-4CA0-B174-84CF77A511DD}.Debug|x86.ActiveCfg = Debug|x86
		{46C9C0E2-5E6A-4CA0-B174-84CF77A511DD}.Debug|x86.Build.0 = Debug|x86
		{46C9C0E2-5E6A-4CA0-B174-84CF77A511DD}.Release|x86.ActiveCfg = Release|x86
		{46C9C0E2-5E6A-4CA0-B174-84CF77A511DD}.Release|x86.Build.0 = Release|x86
		{160A6FC3-ECDE-4B48-907E-564FC4904BFA}.Debug|x86.ActiveCfg = Debug|x86
		{160A6FC3-ECDE-4B48-907E-564FC4904BFA}.Debug|x86.Build.0 = Debug|x86
		{160A6FC3-ECDE-4B48-907E-564FC4904BFA}.Release|x86.ActiveCfg = Release|x86
		{160A6FC3-ECDE-4B48-907E-564FC4904BFA}.Release|x86.Build.0 = Release|x86
		{E94C69CB-D7F5-4274-B0F5-340A91E76430}.Debug|x86.ActiveCfg = Debug|x86
		{E94C69CB-D7F5-4274-B0F5-340A91E76430}.Debug|x86.Build.0 = Debug|x86
		{E94C69CB-D7F5-4274-B0F5-340A91E76430}.Release|x86.ActiveCfg = Release|x86
		{E94C69CB-D7F5-4274-B0F5-340A91E76430}.Release|x86.Build.0 = Release|x86
		{E6001318-1D3A-4B58-A8F9-1C433BFD7960}.Debug|x86.ActiveCfg = Debug|x86
		{E6001318-1D3A-4B58-A8F9-1C433BFD7960}.Debug|x86.Build.0 = Debug|x86
		{E6001318-1D3A-4B58-A8F9-1C433BFD7960}.Release|x86.ActiveCfg = Release|x86
		{E6001318-1D3A-4B58-A8F9-1C433BFD7960}.Release|x86.Build.0 = Release|x86
		{CA4C2E97-F565-4FC8-B7AD-FD63AEB4A8CC}.Debug|x86.ActiveCfg = Debug|x86
		{CA4C2E97-F565-4FC8-B7AD-FD63AEB4A8CC}.Debug|x86.Build.0 = Debug|x86
		{CA4C2E97-F565-4FC8-B7AD-FD63AEB4A8CC}.Release|x86.ActiveCfg = Release|x86
		{CA4C2E97-F565-4FC8-B7AD-FD63AEB4A8CC}.Release|x86.Build.0 = Release|x86
		{EDCBFBC4-E2E0-4980-8F1D-CA0206AD6E92}.Debug|x86.ActiveCfg = Debug|x86
		{EDCBFBC4-E2E0-4980-8F1D-CA0206AD6E92}.Debug|x86.Build.0 = Debug|x86
		{EDCBFBC4-E2E0-4980-8F1D-CA0206AD6E92}.Release|x86.ActiveCfg = Release|x86
		{EDCBFBC4-E2E0-4980-8F1D-CA0206AD6E92}.Release|x86.Build.0 = Release|x86
		{FB60A65B-15CF-4FF5-8F94-0B90B2F20D0C}.Debug|x86.ActiveCfg = Debug|x86
		{FB60A65B-15CF-4FF5-8F94-0B90B2F20D0C}.Debug|x86.Build.0 = Debug|x86
		{FB60A65B-15CF-4FF5-8F94-0B90B2F20D0C}.Release|x86.ActiveCfg = Release|x86
		{FB60A65B-15CF-4FF5-8F94-0B90B2F20D0C}.Release|x86.Build.0 = Release|x86
	EndGlobalSection
	GlobalSection(SolutionProperties) = preSolution
		HideSolutionNode = FALSE
	EndGlobalSection
	GlobalSection(NestedProjects) = preSolution
		{160A6FC3-ECDE-4B48-907E-564FC4904BFA} = {7A89187D-4B1C-4606-85B4-512F5C86EB67}
		{E94C69CB-D7F5-4274-B0F5-340A91E76430} = {7A89187D-4B1C-4606-85B4-512F5C86EB67}
		{E6001318-1D3A-4B58-A8F9-1C433BFD7960} = {A33B4B80-166B-4D4B-9DE1-3E0FB1371218}
		{CA4C2E97-F565-4FC8-B7AD-FD63AEB4A8CC} = {A33B4B80-166B-4D4B-9DE1-3E0FB1371218}
		{EDCBFBC4-E2E0-4980-8F1D-CA0206AD6E92} = {D63F88D1-A466-4B6E-8948-A95F5E12CD69}
		{FB60A65B-15CF-4FF5-8F94-0B90B2F20D0C} = {D63F88D1-A466-4B6E-8948-A95F5E12CD69}
	EndGlobalSection
	GlobalSection(ExtensibilityGlobals) = postSolution
		SolutionGuid = {0010FA95-6289-45BE-9AA4-0B13AA6064B3}
	EndGlobalSection
	GlobalSection(MonoDevelopProperties) = preSolution
		StartupItem = LoggingExample\LoggingExample.csproj
	EndGlobalSection
EndGlobal
